
Microsoft Visual Studio Solution File, Format Version 12.00
# Visual Studio 15
VisualStudioVersion = 15.0.28010.2003
MinimumVisualStudioVersion = 10.0.40219.1
Project("{FAE04EC0-301F-11D3-BF4B-00C04F79EFBC}") = "ProxyRepeater.Server", "ProxyRepeater\ProxyRepeater.Server.csproj", "{155AA9E5-F5CD-48E5-A256-DC96F3076B51}"
EndProject
Global
	GlobalSection(SolutionConfigurationPlatforms) = preSolution
		Debug|Any CPU = Debug|Any CPU
		Release|Any CPU = Release|Any CPU
	EndGlobalSection
	GlobalSection(ProjectConfigurationPlatforms) = postSolution
		{155AA9E5-F5CD-48E5-A256-DC96F3076B51}.Debug|Any CPU.ActiveCfg = Debug|Any CPU
		{155AA9E5-F5CD-48E5-A256-DC96F3076B51}.Debug|Any CPU.Build.0 = Debug|Any CPU
		{155AA9E5-F5CD-48E5-A256-DC96F3076B51}.Release|Any CPU.ActiveCfg = Release|Any CPU
		{155AA9E5-F5CD-48E5-A256-DC96F3076B51}.Release|Any CPU.Build.0 = Release|Any CPU
	EndGlobalSection
	GlobalSection(SolutionProperties) = preSolution
		HideSolutionNode = FALSE
	EndGlobalSection
	GlobalSection(ExtensibilityGlobals) = postSolution
		SolutionGuid = {FDB7A2B5-8DC5-4436-A48E-D173C0716DF8}
	EndGlobalSection
EndGlobal
